{
  "version": 4,
  "terraform_version": "1.14.5",
  "serial": 26,
  "lineage": "beefbfe8-0fab-5f81-e981-2ae6e160464d",
  "outputs": {
    "api_gateway_url": {
      "value": "https://bue01v6k2e.execute-api.us-east-1.amazonaws.com/dev",
      "type": "string"
    },
    "dynamodb_table_arn": {
      "value": "arn:aws:dynamodb:us-east-1:769607921922:table/serverless-url-shortener-dev",
      "type": "string"
    },
    "dynamodb_table_name": {
      "value": "serverless-url-shortener-dev",
      "type": "string"
    }
  },
  "resources": [
    {
      "mode": "data",
      "type": "archive_file",
      "name": "create_url",
      "provider": "provider[\"registry.terraform.io/hashicorp/archive\"]",
      "instances": [
        {
          "schema_version": 0,
          "attributes": {
            "exclude_symlink_directories": null,
            "excludes": null,
            "id": "65d0e6a967e916f9e424d5ef870fd2b9eba7e430",
            "output_base64sha256": "pLKD4ifaQsNDbH2gq0Tm+YEiUPQ6s/4/tZ0jSDIl+Bo=",
            "output_base64sha512": "tr53kQGpDLtf1gwaLYILYjHpUn0+nnPz2Lb9fd6z/Q2wso3fhmfQRzsG60T7AAIFd4oCEwBfIS8+OCFA36QWrw==",
            "output_file_mode": null,
            "output_md5": "3a27e8ff2d51431941a0340f231a682b",
            "output_path": "./../../backend/create_url.zip",
            "output_sha": "65d0e6a967e916f9e424d5ef870fd2b9eba7e430",
            "output_sha256": "a4b283e227da42c3436c7da0ab44e6f9812250f43ab3fe3fb59d23483225f81a",
            "output_sha512": "b6be779101a90cbb5fd60c1a2d820b6231e9527d3e9e73f3d8b6fd7ddeb3fd0db0b28ddf8667d0473b06eb44fb000205778a0213005f212f3e382140dfa416af",
            "output_size": 716,
            "source": [],
            "source_content": null,
            "source_content_filename": null,
            "source_dir": null,
            "source_file": "./../../backend/src/create_url.py",
            "type": "zip"
          },
          "sensitive_attributes": [],
          "identity_schema_version": 0
        }
      ]
    },
    {
      "mode": "data",
      "type": "archive_file",
      "name": "delete_url",
      "provider": "provider[\"registry.terraform.io/hashicorp/archive\"]",
      "instances": [
        {
          "schema_version": 0,
          "attributes": {
            "exclude_symlink_directories": null,
            "excludes": null,
            "id": "1ac38297053ffa9a43065b646414499491ebe20b",
            "output_base64sha256": "MukebM9B2curPQ+UAEzGdBN26lkw2T7XHu9CWY1VAV4=",
            "output_base64sha512": "U/ZIjhOCxVpqu2oClIwsPOuLgfLKaXZxgE7fPlvHaitxaRgiI2te/d9opuj3gugc9A7ndlaM1bJeRR22aIVnSA==",
            "output_file_mode": null,
            "output_md5": "5fbc00216611034b36475cf7cc954b00",
            "output_path": "./../../backend/delete_url.zip",
            "output_sha": "1ac38297053ffa9a43065b646414499491ebe20b",
            "output_sha256": "32e91e6ccf41d9cbab3d0f94004cc6741376ea5930d93ed71eef42598d55015e",
            "output_sha512": "53f6488e1382c55a6abb6a02948c2c3ceb8b81f2ca697671804edf3e5bc76a2b71691822236b5efddf68a6e8f782e81cf40ee776568cd5b25e451db668856748",
            "output_size": 595,
            "source": [],
            "source_content": null,
            "source_content_filename": null,
            "source_dir": null,
            "source_file": "./../../backend/src/delete_url.py",
            "type": "zip"
          },
          "sensitive_attributes": [],
          "identity_schema_version": 0
        }
      ]
    },
    {
      "mode": "data",
      "type": "archive_file",
      "name": "get_url",
      "provider": "provider[\"registry.terraform.io/hashicorp/archive\"]",
      "instances": [
        {
          "schema_version": 0,
          "attributes": {
            "exclude_symlink_directories": null,
            "excludes": null,
            "id": "0daa0d20f0a5f7899c4a6df9566bd39bade5a3bc",
            "output_base64sha256": "0L3Tnb5TK0Aknx/aJHkHk5Ryxh4lhKkeSw0+FbW1+X0=",
            "output_base64sha512": "G5e+EDPxjeL9XrmoVE29sU9RE0LBqXgVYloY9+rPwaZ5kWmu4gwDYAwnIFFVf13Hmo0KP4H5Goqbeg+397NHJA==",
            "output_file_mode": null,
            "output_md5": "99b8d3c2bbed8eecc69c3fc9612aba2f",
            "output_path": "./../../backend/get_url.zip",
            "output_sha": "0daa0d20f0a5f7899c4a6df9566bd39bade5a3bc",
            "output_sha256": "d0bdd39dbe532b40249f1fda247907939472c61e2584a91e4b0d3e15b5b5f97d",
            "output_sha512": "1b97be1033f18de2fd5eb9a8544dbdb14f511342c1a97815625a18f7eacfc1a6799169aee20c03600c272051557f5dc79a8d0a3f81f91a8a9b7a0fb7f7b34724",
            "output_size": 626,
            "source": [],
            "source_content": null,
            "source_content_filename": null,
            "source_dir": null,
            "source_file": "./../../backend/src/get_url.py",
            "type": "zip"
          },
          "sensitive_attributes": [],
          "identity_schema_version": 0
        }
      ]
    },
    {
      "mode": "data",
      "type": "archive_file",
      "name": "list_urls",
      "provider": "provider[\"registry.terraform.io/hashicorp/archive\"]",
      "instances": [
        {
          "schema_version": 0,
          "attributes": {
            "exclude_symlink_directories": null,
            "excludes": null,
            "id": "4dd6976b7d43682480359d6da450192aeb0a393e",
            "output_base64sha256": "w18hav7+Utc6hPQN+D7Xbns1v7yvxNi0mffaPUPh3M4=",
            "output_base64sha512": "eBKCU6MwP8z7+jLKTIMfPqNRE6OPsLP7SV7KKzoNYVW+DGbKgpGmQFRikk32pdt9IM2XXTeSku1DM/pF5ISJfA==",
            "output_file_mode": null,
            "output_md5": "936e922370f0eab8ad8278a2d9836de3",
            "output_path": "./../../backend/list_urls.zip",
            "output_sha": "4dd6976b7d43682480359d6da450192aeb0a393e",
            "output_sha256": "c35f216afefe52d73a84f40df83ed76e7b35bfbcafc4d8b499f7da3d43e1dcce",
            "output_sha512": "78128253a3303fccfbfa32ca4c831f3ea35113a38fb0b3fb495eca2b3a0d6155be0c66ca8291a6405462924df6a5db7d20cd975d379292ed4333fa45e484897c",
            "output_size": 593,
            "source": [],
            "source_content": null,
            "source_content_filename": null,
            "source_dir": null,
            "source_file": "./../../backend/src/list_urls.py",
            "type": "zip"
          },
          "sensitive_attributes": [],
          "identity_schema_version": 0
        }
      ]
    },
    {
      "mode": "managed",
      "type": "aws_api_gateway_deployment",
      "name": "url_api",
      "provider": "provider[\"registry.terraform.io/hashicorp/aws\"]",
      "instances": [
        {
          "schema_version": 0,
          "attributes": {
            "canary_settings": [],
            "created_date": "2026-02-18T20:41:09Z",
            "description": "",
            "execution_arn": "arn:aws:execute-api:us-east-1:769607921922:bue01v6k2e/dev",
            "id": "1e3j52",
            "invoke_url": "https://bue01v6k2e.execute-api.us-east-1.amazonaws.com/dev",
            "rest_api_id": "bue01v6k2e",
            "stage_description": null,
            "stage_name": "dev",
            "triggers": null,
            "variables": null
          },
          "sensitive_attributes": [],
          "identity_schema_version": 0,
          "private": "bnVsbA==",
          "dependencies": [
            "aws_api_gateway_integration.create_url",
            "aws_api_gateway_integration.delete_url",
            "aws_api_gateway_integration.get_url",
            "aws_api_gateway_integration.list_urls",
            "aws_api_gateway_method.create_url",
            "aws_api_gateway_method.delete_url",
            "aws_api_gateway_method.get_url",
            "aws_api_gateway_method.list_urls",
            "aws_api_gateway_resource.url_shortcode",
            "aws_api_gateway_resource.urls",
            "aws_api_gateway_rest_api.url_api",
            "aws_dynamodb_table.url_table",
            "aws_iam_role.lambda_role",
            "aws_lambda_function.create_url",
            "aws_lambda_function.delete_url",
            "aws_lambda_function.get_url",
            "aws_lambda_function.list_urls",
            "data.archive_file.create_url",
            "data.archive_file.delete_url",
            "data.archive_file.get_url",
            "data.archive_file.list_urls"
          ]
        }
      ]
    },
    {
      "mode": "managed",
      "type": "aws_api_gateway_integration",
      "name": "create_url",
      "provider": "provider[\"registry.terraform.io/hashicorp/aws\"]",
      "instances": [
        {
          "schema_version": 0,
          "attributes": {
            "cache_key_parameters": null,
            "cache_namespace": "jz5cpv",
            "connection_id": "",
            "connection_type": "INTERNET",
            "content_handling": "",
            "credentials": "",
            "http_method": "POST",
            "id": "agi-bue01v6k2e-jz5cpv-POST",
            "integration_http_method": "POST",
            "passthrough_behavior": "WHEN_NO_MATCH",
            "request_parameters": null,
            "request_templates": null,
            "resource_id": "jz5cpv",
            "rest_api_id": "bue01v6k2e",
            "timeout_milliseconds": 29000,
            "tls_config": [],
            "type": "AWS_PROXY",
            "uri": "arn:aws:apigateway:us-east-1:lambda:path/2015-03-31/functions/arn:aws:lambda:us-east-1:769607921922:function:serverless-url-shortener-create-url/invocations"
          },
          "sensitive_attributes": [],
          "identity_schema_version": 0,
          "private": "bnVsbA==",
          "dependencies": [
            "aws_api_gateway_method.create_url",
            "aws_api_gateway_resource.urls",
            "aws_api_gateway_rest_api.url_api",
            "aws_dynamodb_table.url_table",
            "aws_iam_role.lambda_role",
            "aws_lambda_function.create_url",
            "data.archive_file.create_url"
          ]
        }
      ]
    },
    {
      "mode": "managed",
      "type": "aws_api_gateway_integration",
      "name": "delete_url",
      "provider": "provider[\"registry.terraform.io/hashicorp/aws\"]",
      "instances": [
        {
          "schema_version": 0,
          "attributes": {
            "cache_key_parameters": null,
            "cache_namespace": "76gldy",
            "connection_id": "",
            "connection_type": "INTERNET",
            "content_handling": "",
            "credentials": "",
            "http_method": "DELETE",
            "id": "agi-bue01v6k2e-76gldy-DELETE",
            "integration_http_method": "POST",
            "passthrough_behavior": "WHEN_NO_MATCH",
            "request_parameters": null,
            "request_templates": null,
            "resource_id": "76gldy",
            "rest_api_id": "bue01v6k2e",
            "timeout_milliseconds": 29000,
            "tls_config": [],
            "type": "AWS_PROXY",
            "uri": "arn:aws:apigateway:us-east-1:lambda:path/2015-03-31/functions/arn:aws:lambda:us-east-1:769607921922:function:serverless-url-shortener-delete-url/invocations"
          },
          "sensitive_attributes": [],
          "identity_schema_version": 0,
          "private": "bnVsbA==",
          "dependencies": [
            "aws_api_gateway_method.delete_url",
            "aws_api_gateway_resource.url_shortcode",
            "aws_api_gateway_resource.urls",
            "aws_api_gateway_rest_api.url_api",
            "aws_dynamodb_table.url_table",
            "aws_iam_role.lambda_role",
            "aws_lambda_function.delete_url",
            "data.archive_file.delete_url"
          ]
        }
      ]
    },
    {
      "mode": "managed",
      "type": "aws_api_gateway_integration",
      "name": "get_url",
      "provider": "provider[\"registry.terraform.io/hashicorp/aws\"]",
      "instances": [
        {
          "schema_version": 0,
          "attributes": {
            "cache_key_parameters": null,
            "cache_namespace": "76gldy",
            "connection_id": "",
            "connection_type": "INTERNET",
            "content_handling": "",
            "credentials": "",
            "http_method": "GET",
            "id": "agi-bue01v6k2e-76gldy-GET",
            "integration_http_method": "POST",
            "passthrough_behavior": "WHEN_NO_MATCH",
            "request_parameters": null,
            "request_templates": null,
            "resource_id": "76gldy",
            "rest_api_id": "bue01v6k2e",
            "timeout_milliseconds": 29000,
            "tls_config": [],
            "type": "AWS_PROXY",
            "uri": "arn:aws:apigateway:us-east-1:lambda:path/2015-03-31/functions/arn:aws:lambda:us-east-1:769607921922:function:serverless-url-shortener-get-url/invocations"
          },
          "sensitive_attributes": [],
          "identity_schema_version": 0,
          "private": "bnVsbA==",
          "dependencies": [
            "aws_api_gateway_method.get_url",
            "aws_api_gateway_resource.url_shortcode",
            "aws_api_gateway_resource.urls",
            "aws_api_gateway_rest_api.url_api",
            "aws_dynamodb_table.url_table",
            "aws_iam_role.lambda_role",
            "aws_lambda_function.get_url",
            "data.archive_file.get_url"
          ]
        }
      ]
    },
    {
      "mode": "managed",
      "type": "aws_api_gateway_integration",
      "name": "list_urls",
      "provider": "provider[\"registry.terraform.io/hashicorp/aws\"]",
      "instances": [
        {
          "schema_version": 0,
          "attributes": {
            "cache_key_parameters": null,
            "cache_namespace": "jz5cpv",
            "connection_id": "",
            "connection_type": "INTERNET",
            "content_handling": "",
            "credentials": "",
            "http_method": "GET",
            "id": "agi-bue01v6k2e-jz5cpv-GET",
            "integration_http_method": "POST",
            "passthrough_behavior": "WHEN_NO_MATCH",
            "request_parameters": null,
            "request_templates": null,
            "resource_id": "jz5cpv",
            "rest_api_id": "bue01v6k2e",
            "timeout_milliseconds": 29000,
            "tls_config": [],
            "type": "AWS_PROXY",
            "uri": "arn:aws:apigateway:us-east-1:lambda:path/2015-03-31/functions/arn:aws:lambda:us-east-1:769607921922:function:serverless-url-shortener-list-urls/invocations"
          },
          "sensitive_attributes": [],
          "identity_schema_version": 0,
          "private": "bnVsbA==",
          "dependencies": [
            "aws_api_gateway_method.list_urls",
            "aws_api_gateway_resource.urls",
            "aws_api_gateway_rest_api.url_api",
            "aws_dynamodb_table.url_table",
            "aws_iam_role.lambda_role",
            "aws_lambda_function.list_urls",
            "data.archive_file.list_urls"
          ]
        }
      ]
    },
    {
      "mode": "managed",
      "type": "aws_api_gateway_method",
      "name": "create_url",
      "provider": "provider[\"registry.terraform.io/hashicorp/aws\"]",
      "instances": [
        {
          "schema_version": 0,
          "attributes": {
            "api_key_required": false,
            "authorization": "NONE",
            "authorization_scopes": null,
            "authorizer_id": null,
            "http_method": "POST",
            "id": "agm-bue01v6k2e-jz5cpv-POST",
            "operation_name": null,
            "request_models": null,
            "request_parameters": null,
            "request_validator_id": null,
            "resource_id": "jz5cpv",
            "rest_api_id": "bue01v6k2e"
          },
          "sensitive_attributes": [],
          "identity_schema_version": 0,
          "private": "bnVsbA==",
          "dependencies": [
            "aws_api_gateway_resource.urls",
            "aws_api_gateway_rest_api.url_api"
          ]
        }
      ]
    },
    {
      "mode": "managed",
      "type": "aws_api_gateway_method",
      "name": "delete_url",
      "provider": "provider[\"registry.terraform.io/hashicorp/aws\"]",
      "instances": [
        {
          "schema_version": 0,
          "attributes": {
            "api_key_required": false,
            "authorization": "NONE",
            "authorization_scopes": null,
            "authorizer_id": null,
            "http_method": "DELETE",
            "id": "agm-bue01v6k2e-76gldy-DELETE",
            "operation_name": null,
            "request_models": null,
            "request_parameters": null,
            "request_validator_id": null,
            "resource_id": "76gldy",
            "rest_api_id": "bue01v6k2e"
          },
          "sensitive_attributes": [],
          "identity_schema_version": 0,
          "private": "bnVsbA==",
          "dependencies": [
            "aws_api_gateway_resource.url_shortcode",
            "aws_api_gateway_resource.urls",
            "aws_api_gateway_rest_api.url_api"
          ]
        }
      ]
    },
    {
      "mode": "managed",
      "type": "aws_api_gateway_method",
      "name": "get_url",
      "provider": "provider[\"registry.terraform.io/hashicorp/aws\"]",
      "instances": [
        {
          "schema_version": 0,
          "attributes": {
            "api_key_required": false,
            "authorization": "NONE",
            "authorization_scopes": null,
            "authorizer_id": null,
            "http_method": "GET",
            "id": "agm-bue01v6k2e-76gldy-GET",
            "operation_name": null,
            "request_models": null,
            "request_parameters": null,
            "request_validator_id": null,
            "resource_id": "76gldy",
            "rest_api_id": "bue01v6k2e"
          },
          "sensitive_attributes": [],
          "identity_schema_version": 0,
          "private": "bnVsbA==",
          "dependencies": [
            "aws_api_gateway_resource.url_shortcode",
            "aws_api_gateway_resource.urls",
            "aws_api_gateway_rest_api.url_api"
          ]
        }
      ]
    },
    {
      "mode": "managed",
      "type": "aws_api_gateway_method",
      "name": "list_urls",
      "provider": "provider[\"registry.terraform.io/hashicorp/aws\"]",
      "instances": [
        {
          "schema_version": 0,
          "attributes": {
            "api_key_required": false,
            "authorization": "NONE",
            "authorization_scopes": null,
            "authorizer_id": null,
            "http_method": "GET",
            "id": "agm-bue01v6k2e-jz5cpv-GET",
            "operation_name": null,
            "request_models": null,
            "request_parameters": null,
            "request_validator_id": null,
            "resource_id": "jz5cpv",
            "rest_api_id": "bue01v6k2e"
          },
          "sensitive_attributes": [],
          "identity_schema_version": 0,
          "private": "bnVsbA==",
          "dependencies": [
            "aws_api_gateway_resource.urls",
            "aws_api_gateway_rest_api.url_api"
          ]
        }
      ]
    },
    {
      "mode": "managed",
      "type": "aws_api_gateway_resource",
      "name": "url_shortcode",
      "provider": "provider[\"registry.terraform.io/hashicorp/aws\"]",
      "instances": [
        {
          "schema_version": 0,
          "attributes": {
            "id": "76gldy",
            "parent_id": "jz5cpv",
            "path": "/urls/{shortCode}",
            "path_part": "{shortCode}",
            "rest_api_id": "bue01v6k2e"
          },
          "sensitive_attributes": [],
          "identity_schema_version": 0,
          "private": "bnVsbA==",
          "dependencies": [
            "aws_api_gateway_resource.urls",
            "aws_api_gateway_rest_api.url_api"
          ]
        }
      ]
    },
    {
      "mode": "managed",
      "type": "aws_api_gateway_resource",
      "name": "urls",
      "provider": "provider[\"registry.terraform.io/hashicorp/aws\"]",
      "instances": [
        {
          "schema_version": 0,
          "attributes": {
            "id": "jz5cpv",
            "parent_id": "b4dn5wo3ec",
            "path": "/urls",
            "path_part": "urls",
            "rest_api_id": "bue01v6k2e"
          },
          "sensitive_attributes": [],
          "identity_schema_version": 0,
          "private": "bnVsbA==",
          "dependencies": [
            "aws_api_gateway_rest_api.url_api"
          ]
        }
      ]
    },
    {
      "mode": "managed",
      "type": "aws_api_gateway_rest_api",
      "name": "url_api",
      "provider": "provider[\"registry.terraform.io/hashicorp/aws\"]",
      "instances": [
        {
          "schema_version": 0,
          "attributes": {
            "api_key_source": "HEADER",
            "arn": "arn:aws:apigateway:us-east-1::/restapis/bue01v6k2e",
            "binary_media_types": [],
            "body": null,
            "created_date": "2026-02-18T20:41:06Z",
            "description": "Serverless URL Shortener API",
            "disable_execute_api_endpoint": false,
            "endpoint_configuration": [
              {
                "ip_address_type": "ipv4",
                "types": [
                  "EDGE"
                ],
                "vpc_endpoint_ids": []
              }
            ],
            "execution_arn": "arn:aws:execute-api:us-east-1:769607921922:bue01v6k2e",
            "fail_on_warnings": null,
            "id": "bue01v6k2e",
            "minimum_compression_size": "",
            "name": "serverless-url-shortener-api",
            "parameters": null,
            "policy": "",
            "put_rest_api_mode": null,
            "root_resource_id": "b4dn5wo3ec",
            "tags": null,
            "tags_all": {}
          },
          "sensitive_attributes": [],
          "identity_schema_version": 0,
          "private": "bnVsbA=="
        }
      ]
    },
    {
      "mode": "managed",
      "type": "aws_dynamodb_table",
      "name": "url_table",
      "provider": "provider[\"registry.terraform.io/hashicorp/aws\"]",
      "instances": [
        {
          "schema_version": 1,
          "attributes": {
            "arn": "arn:aws:dynamodb:us-east-1:769607921922:table/serverless-url-shortener-dev",
            "attribute": [
              {
                "name": "shortCode",
                "type": "S"
              },
              {
                "name": "userId",
                "type": "S"
              }
            ],
            "billing_mode": "PAY_PER_REQUEST",
            "deletion_protection_enabled": false,
            "global_secondary_index": [
              {
                "hash_key": "userId",
                "name": "UserIdIndex",
                "non_key_attributes": [],
                "on_demand_throughput": [],
                "projection_type": "ALL",
                "range_key": "",
                "read_capacity": 0,
                "write_capacity": 0
              }
            ],
            "hash_key": "shortCode",
            "id": "serverless-url-shortener-dev",
            "import_table": [],
            "local_secondary_index": [],
            "name": "serverless-url-shortener-dev",
            "on_demand_throughput": [],
            "point_in_time_recovery": [
              {
                "enabled": false,
                "recovery_period_in_days": 0
              }
            ],
            "range_key": null,
            "read_capacity": 0,
            "replica": [],
            "restore_date_time": null,
            "restore_source_name": null,
            "restore_source_table_arn": null,
            "restore_to_latest_time": null,
            "server_side_encryption": [],
            "stream_arn": "",
            "stream_enabled": false,
            "stream_label": "",
            "stream_view_type": "",
            "table_class": "STANDARD",
            "tags": {
              "Environment": "dev",
              "Name": "serverless-url-shortener-table",
              "Project": "serverless-url-shortener"
            },
            "tags_all": {
              "Environment": "dev",
              "Name": "serverless-url-shortener-table",
              "Project": "serverless-url-shortener"
            },
            "timeouts": null,
            "ttl": [
              {
                "attribute_name": "",
                "enabled": false
              }
            ],
            "write_capacity": 0
          },
          "sensitive_attributes": [],
          "identity_schema_version": 0,
          "private": "eyJlMmJmYjczMC1lY2FhLTExZTYtOGY4OC0zNDM2M2JjN2M0YzAiOnsiY3JlYXRlIjoxODAwMDAwMDAwMDAwLCJkZWxldGUiOjYwMDAwMDAwMDAwMCwidXBkYXRlIjozNjAwMDAwMDAwMDAwfSwic2NoZW1hX3ZlcnNpb24iOiIxIn0="
        }
      ]
    },
    {
      "mode": "managed",
      "type": "aws_iam_role",
      "name": "lambda_role",
      "provider": "provider[\"registry.terraform.io/hashicorp/aws\"]",
      "instances": [
        {
          "schema_version": 0,
          "attributes": {
            "arn": "arn:aws:iam::769607921922:role/serverless-url-shortener-lambda-role",
            "assume_role_policy": "{\"Statement\":[{\"Action\":\"sts:AssumeRole\",\"Effect\":\"Allow\",\"Principal\":{\"Service\":\"lambda.amazonaws.com\"}}],\"Version\":\"2012-10-17\"}",
            "create_date": "2026-02-18T20:01:02Z",
            "description": "",
            "force_detach_policies": false,
            "id": "serverless-url-shortener-lambda-role",
            "inline_policy": [
              {
                "name": "serverless-url-shortener-lambda-policy",
                "policy": "{\"Version\":\"2012-10-17\",\"Statement\":[{\"Action\":[\"dynamodb:PutItem\",\"dynamodb:GetItem\",\"dynamodb:UpdateItem\",\"dynamodb:DeleteItem\",\"dynamodb:Query\",\"dynamodb:Scan\"],\"Effect\":\"Allow\",\"Resource\":[\"arn:aws:dynamodb:us-east-1:769607921922:table/serverless-url-shortener-dev\",\"arn:aws:dynamodb:us-east-1:769607921922:table/serverless-url-shortener-dev/index/*\"]},{\"Action\":[\"logs:CreateLogGroup\",\"logs:CreateLogStream\",\"logs:PutLogEvents\"],\"Effect\":\"Allow\",\"Resource\":\"arn:aws:logs:*:*:*\"}]}"
              }
            ],
            "managed_policy_arns": [],
            "max_session_duration": 3600,
            "name": "serverless-url-shortener-lambda-role",
            "name_prefix": "",
            "path": "/",
            "permissions_boundary": "",
            "tags": {},
            "tags_all": {},
            "unique_id": "AROA3GMBU6EBPSK3Y4427"
          },
          "sensitive_attributes": [],
          "identity_schema_version": 0,
          "private": "bnVsbA=="
        }
      ]
    },
    {
      "mode": "managed",
      "type": "aws_iam_role_policy",
      "name": "lambda_policy",
      "provider": "provider[\"registry.terraform.io/hashicorp/aws\"]",
      "instances": [
        {
          "schema_version": 0,
          "attributes": {
            "id": "serverless-url-shortener-lambda-role:serverless-url-shortener-lambda-policy",
            "name": "serverless-url-shortener-lambda-policy",
            "name_prefix": "",
            "policy": "{\"Version\":\"2012-10-17\",\"Statement\":[{\"Action\":[\"dynamodb:PutItem\",\"dynamodb:GetItem\",\"dynamodb:UpdateItem\",\"dynamodb:DeleteItem\",\"dynamodb:Query\",\"dynamodb:Scan\"],\"Effect\":\"Allow\",\"Resource\":[\"arn:aws:dynamodb:us-east-1:769607921922:table/serverless-url-shortener-dev\",\"arn:aws:dynamodb:us-east-1:769607921922:table/serverless-url-shortener-dev/index/*\"]},{\"Action\":[\"logs:CreateLogGroup\",\"logs:CreateLogStream\",\"logs:PutLogEvents\"],\"Effect\":\"Allow\",\"Resource\":\"arn:aws:logs:*:*:*\"}]}",
            "role": "serverless-url-shortener-lambda-role"
          },
          "sensitive_attributes": [],
          "identity_schema_version": 0,
          "private": "bnVsbA==",
          "dependencies": [
            "aws_dynamodb_table.url_table",
            "aws_iam_role.lambda_role"
          ]
        }
      ]
    },
    {
      "mode": "managed",
      "type": "aws_lambda_function",
      "name": "create_url",
      "provider": "provider[\"registry.terraform.io/hashicorp/aws\"]",
      "instances": [
        {
          "schema_version": 0,
          "attributes": {
            "architectures": [
              "x86_64"
            ],
            "arn": "arn:aws:lambda:us-east-1:769607921922:function:serverless-url-shortener-create-url",
            "code_sha256": "pLKD4ifaQsNDbH2gq0Tm+YEiUPQ6s/4/tZ0jSDIl+Bo=",
            "code_signing_config_arn": "",
            "dead_letter_config": [],
            "description": "",
            "environment": [
              {
                "variables": {
                  "TABLE_NAME": "serverless-url-shortener-dev"
                }
              }
            ],
            "ephemeral_storage": [
              {
                "size": 512
              }
            ],
            "file_system_config": [],
            "filename": "./../../backend/create_url.zip",
            "function_name": "serverless-url-shortener-create-url",
            "handler": "create_url.lambda_handler",
            "id": "serverless-url-shortener-create-url",
            "image_config": [],
            "image_uri": "",
            "invoke_arn": "arn:aws:apigateway:us-east-1:lambda:path/2015-03-31/functions/arn:aws:lambda:us-east-1:769607921922:function:serverless-url-shortener-create-url/invocations",
            "kms_key_arn": "",
            "last_modified": "2026-02-18T20:01:13.802+0000",
            "layers": [],
            "logging_config": [
              {
                "application_log_level": "",
                "log_format": "Text",
                "log_group": "/aws/lambda/serverless-url-shortener-create-url",
                "system_log_level": ""
              }
            ],
            "memory_size": 128,
            "package_type": "Zip",
            "publish": false,
            "qualified_arn": "arn:aws:lambda:us-east-1:769607921922:function:serverless-url-shortener-create-url:$LATEST",
            "qualified_invoke_arn": "arn:aws:apigateway:us-east-1:lambda:path/2015-03-31/functions/arn:aws:lambda:us-east-1:769607921922:function:serverless-url-shortener-create-url:$LATEST/invocations",
            "replace_security_groups_on_destroy": null,
            "replacement_security_group_ids": null,
            "reserved_concurrent_executions": -1,
            "role": "arn:aws:iam::769607921922:role/serverless-url-shortener-lambda-role",
            "runtime": "python3.11",
            "s3_bucket": null,
            "s3_key": null,
            "s3_object_version": null,
            "signing_job_arn": "",
            "signing_profile_version_arn": "",
            "skip_destroy": false,
            "snap_start": [],
            "source_code_hash": "pLKD4ifaQsNDbH2gq0Tm+YEiUPQ6s/4/tZ0jSDIl+Bo=",
            "source_code_size": 716,
            "tags": {},
            "tags_all": {},
            "timeout": 3,
            "timeouts": null,
            "tracing_config": [
              {
                "mode": "PassThrough"
              }
            ],
            "version": "$LATEST",
            "vpc_config": []
          },
          "sensitive_attributes": [],
          "identity_schema_version": 0,
          "private": "eyJlMmJmYjczMC1lY2FhLTExZTYtOGY4OC0zNDM2M2JjN2M0YzAiOnsiY3JlYXRlIjo2MDAwMDAwMDAwMDAsImRlbGV0ZSI6NjAwMDAwMDAwMDAwLCJ1cGRhdGUiOjYwMDAwMDAwMDAwMH19",
          "dependencies": [
            "aws_dynamodb_table.url_table",
            "aws_iam_role.lambda_role",
            "data.archive_file.create_url"
          ]
        }
      ]
    },
    {
      "mode": "managed",
      "type": "aws_lambda_function",
      "name": "delete_url",
      "provider": "provider[\"registry.terraform.io/hashicorp/aws\"]",
      "instances": [
        {
          "schema_version": 0,
          "attributes": {
            "architectures": [
              "x86_64"
            ],
            "arn": "arn:aws:lambda:us-east-1:769607921922:function:serverless-url-shortener-delete-url",
            "code_sha256": "MukebM9B2curPQ+UAEzGdBN26lkw2T7XHu9CWY1VAV4=",
            "code_signing_config_arn": "",
            "dead_letter_config": [],
            "description": "",
            "environment": [
              {
                "variables": {
                  "TABLE_NAME": "serverless-url-shortener-dev"
                }
              }
            ],
            "ephemeral_storage": [
              {
                "size": 512
              }
            ],
            "file_system_config": [],
            "filename": "./../../backend/delete_url.zip",
            "function_name": "serverless-url-shortener-delete-url",
            "handler": "delete_url.lambda_handler",
            "id": "serverless-url-shortener-delete-url",
            "image_config": [],
            "image_uri": "",
            "invoke_arn": "arn:aws:apigateway:us-east-1:lambda:path/2015-03-31/functions/arn:aws:lambda:us-east-1:769607921922:function:serverless-url-shortener-delete-url/invocations",
            "kms_key_arn": "",
            "last_modified": "2026-02-18T20:01:21.278+0000",
            "layers": [],
            "logging_config": [
              {
                "application_log_level": "",
                "log_format": "Text",
                "log_group": "/aws/lambda/serverless-url-shortener-delete-url",
                "system_log_level": ""
              }
            ],
            "memory_size": 128,
            "package_type": "Zip",
            "publish": false,
            "qualified_arn": "arn:aws:lambda:us-east-1:769607921922:function:serverless-url-shortener-delete-url:$LATEST",
            "qualified_invoke_arn": "arn:aws:apigateway:us-east-1:lambda:path/2015-03-31/functions/arn:aws:lambda:us-east-1:769607921922:function:serverless-url-shortener-delete-url:$LATEST/invocations",
            "replace_security_groups_on_destroy": null,
            "replacement_security_group_ids": null,
            "reserved_concurrent_executions": -1,
            "role": "arn:aws:iam::769607921922:role/serverless-url-shortener-lambda-role",
            "runtime": "python3.11",
            "s3_bucket": null,
            "s3_key": null,
            "s3_object_version": null,
            "signing_job_arn": "",
            "signing_profile_version_arn": "",
            "skip_destroy": false,
            "snap_start": [],
            "source_code_hash": "MukebM9B2curPQ+UAEzGdBN26lkw2T7XHu9CWY1VAV4=",
            "source_code_size": 595,
            "tags": {},
            "tags_all": {},
            "timeout": 3,
            "timeouts": null,
            "tracing_config": [
              {
                "mode": "PassThrough"
              }
            ],
            "version": "$LATEST",
            "vpc_config": []
          },
          "sensitive_attributes": [],
          "identity_schema_version": 0,
          "private": "eyJlMmJmYjczMC1lY2FhLTExZTYtOGY4OC0zNDM2M2JjN2M0YzAiOnsiY3JlYXRlIjo2MDAwMDAwMDAwMDAsImRlbGV0ZSI6NjAwMDAwMDAwMDAwLCJ1cGRhdGUiOjYwMDAwMDAwMDAwMH19",
          "dependencies": [
            "aws_dynamodb_table.url_table",
            "aws_iam_role.lambda_role",
            "data.archive_file.delete_url"
          ]
        }
      ]
    },
    {
      "mode": "managed",
      "type": "aws_lambda_function",
      "name": "get_url",
      "provider": "provider[\"registry.terraform.io/hashicorp/aws\"]",
      "instances": [
        {
          "schema_version": 0,
          "attributes": {
            "architectures": [
              "x86_64"
            ],
            "arn": "arn:aws:lambda:us-east-1:769607921922:function:serverless-url-shortener-get-url",
            "code_sha256": "0L3Tnb5TK0Aknx/aJHkHk5Ryxh4lhKkeSw0+FbW1+X0=",
            "code_signing_config_arn": "",
            "dead_letter_config": [],
            "description": "",
            "environment": [
              {
                "variables": {
                  "TABLE_NAME": "serverless-url-shortener-dev"
                }
              }
            ],
            "ephemeral_storage": [
              {
                "size": 512
              }
            ],
            "file_system_config": [],
            "filename": "./../../backend/get_url.zip",
            "function_name": "serverless-url-shortener-get-url",
            "handler": "get_url.lambda_handler",
            "id": "serverless-url-shortener-get-url",
            "image_config": [],
            "image_uri": "",
            "invoke_arn": "arn:aws:apigateway:us-east-1:lambda:path/2015-03-31/functions/arn:aws:lambda:us-east-1:769607921922:function:serverless-url-shortener-get-url/invocations",
            "kms_key_arn": "",
            "last_modified": "2026-02-18T20:01:28.551+0000",
            "layers": [],
            "logging_config": [
              {
                "application_log_level": "",
                "log_format": "Text",
                "log_group": "/aws/lambda/serverless-url-shortener-get-url",
                "system_log_level": ""
              }
            ],
            "memory_size": 128,
            "package_type": "Zip",
            "publish": false,
            "qualified_arn": "arn:aws:lambda:us-east-1:769607921922:function:serverless-url-shortener-get-url:$LATEST",
            "qualified_invoke_arn": "arn:aws:apigateway:us-east-1:lambda:path/2015-03-31/functions/arn:aws:lambda:us-east-1:769607921922:function:serverless-url-shortener-get-url:$LATEST/invocations",
            "replace_security_groups_on_destroy": null,
            "replacement_security_group_ids": null,
            "reserved_concurrent_executions": -1,
            "role": "arn:aws:iam::769607921922:role/serverless-url-shortener-lambda-role",
            "runtime": "python3.11",
            "s3_bucket": null,
            "s3_key": null,
            "s3_object_version": null,
            "signing_job_arn": "",
            "signing_profile_version_arn": "",
            "skip_destroy": false,
            "snap_start": [],
            "source_code_hash": "0L3Tnb5TK0Aknx/aJHkHk5Ryxh4lhKkeSw0+FbW1+X0=",
            "source_code_size": 626,
            "tags": {},
            "tags_all": {},
            "timeout": 3,
            "timeouts": null,
            "tracing_config": [
              {
                "mode": "PassThrough"
              }
            ],
            "version": "$LATEST",
            "vpc_config": []
          },
          "sensitive_attributes": [],
          "identity_schema_version": 0,
          "private": "eyJlMmJmYjczMC1lY2FhLTExZTYtOGY4OC0zNDM2M2JjN2M0YzAiOnsiY3JlYXRlIjo2MDAwMDAwMDAwMDAsImRlbGV0ZSI6NjAwMDAwMDAwMDAwLCJ1cGRhdGUiOjYwMDAwMDAwMDAwMH19",
          "dependencies": [
            "aws_dynamodb_table.url_table",
            "aws_iam_role.lambda_role",
            "data.archive_file.get_url"
          ]
        }
      ]
    },
    {
      "mode": "managed",
      "type": "aws_lambda_function",
      "name": "list_urls",
      "provider": "provider[\"registry.terraform.io/hashicorp/aws\"]",
      "instances": [
        {
          "schema_version": 0,
          "attributes": {
            "architectures": [
              "x86_64"
            ],
            "arn": "arn:aws:lambda:us-east-1:769607921922:function:serverless-url-shortener-list-urls",
            "code_sha256": "w18hav7+Utc6hPQN+D7Xbns1v7yvxNi0mffaPUPh3M4=",
            "code_signing_config_arn": "",
            "dead_letter_config": [],
            "description": "",
            "environment": [
              {
                "variables": {
                  "TABLE_NAME": "serverless-url-shortener-dev"
                }
              }
            ],
            "ephemeral_storage": [
              {
                "size": 512
              }
            ],
            "file_system_config": [],
            "filename": "./../../backend/list_urls.zip",
            "function_name": "serverless-url-shortener-list-urls",
            "handler": "list_urls.lambda_handler",
            "id": "serverless-url-shortener-list-urls",
            "image_config": [],
            "image_uri": "",
            "invoke_arn": "arn:aws:apigateway:us-east-1:lambda:path/2015-03-31/functions/arn:aws:lambda:us-east-1:769607921922:function:serverless-url-shortener-list-urls/invocations",
            "kms_key_arn": "",
            "last_modified": "2026-02-18T20:01:35.768+0000",
            "layers": [],
            "logging_config": [
              {
                "application_log_level": "",
                "log_format": "Text",
                "log_group": "/aws/lambda/serverless-url-shortener-list-urls",
                "system_log_level": ""
              }
            ],
            "memory_size": 128,
            "package_type": "Zip",
            "publish": false,
            "qualified_arn": "arn:aws:lambda:us-east-1:769607921922:function:serverless-url-shortener-list-urls:$LATEST",
            "qualified_invoke_arn": "arn:aws:apigateway:us-east-1:lambda:path/2015-03-31/functions/arn:aws:lambda:us-east-1:769607921922:function:serverless-url-shortener-list-urls:$LATEST/invocations",
            "replace_security_groups_on_destroy": null,
            "replacement_security_group_ids": null,
            "reserved_concurrent_executions": -1,
            "role": "arn:aws:iam::769607921922:role/serverless-url-shortener-lambda-role",
            "runtime": "python3.11",
            "s3_bucket": null,
            "s3_key": null,
            "s3_object_version": null,
            "signing_job_arn": "",
            "signing_profile_version_arn": "",
            "skip_destroy": false,
            "snap_start": [],
            "source_code_hash": "w18hav7+Utc6hPQN+D7Xbns1v7yvxNi0mffaPUPh3M4=",
            "source_code_size": 593,
            "tags": {},
            "tags_all": {},
            "timeout": 3,
            "timeouts": null,
            "tracing_config": [
              {
                "mode": "PassThrough"
              }
            ],
            "version": "$LATEST",
            "vpc_config": []
          },
          "sensitive_attributes": [],
          "identity_schema_version": 0,
          "private": "eyJlMmJmYjczMC1lY2FhLTExZTYtOGY4OC0zNDM2M2JjN2M0YzAiOnsiY3JlYXRlIjo2MDAwMDAwMDAwMDAsImRlbGV0ZSI6NjAwMDAwMDAwMDAwLCJ1cGRhdGUiOjYwMDAwMDAwMDAwMH19",
          "dependencies": [
            "aws_dynamodb_table.url_table",
            "aws_iam_role.lambda_role",
            "data.archive_file.list_urls"
          ]
        }
      ]
    },
    {
      "mode": "managed",
      "type": "aws_lambda_permission",
      "name": "create_url",
      "provider": "provider[\"registry.terraform.io/hashicorp/aws\"]",
      "instances": [
        {
          "schema_version": 0,
          "attributes": {
            "action": "lambda:InvokeFunction",
            "event_source_token": null,
            "function_name": "serverless-url-shortener-create-url",
            "function_url_auth_type": null,
            "id": "AllowAPIGatewayInvoke",
            "principal": "apigateway.amazonaws.com",
            "principal_org_id": null,
            "qualifier": "",
            "source_account": null,
            "source_arn": "arn:aws:execute-api:us-east-1:769607921922:bue01v6k2e/*/*",
            "statement_id": "AllowAPIGatewayInvoke",
            "statement_id_prefix": ""
          },
          "sensitive_attributes": [],
          "identity_schema_version": 0,
          "private": "bnVsbA==",
          "dependencies": [
            "aws_api_gateway_rest_api.url_api",
            "aws_dynamodb_table.url_table",
            "aws_iam_role.lambda_role",
            "aws_lambda_function.create_url",
            "data.archive_file.create_url"
          ]
        }
      ]
    },
    {
      "mode": "managed",
      "type": "aws_lambda_permission",
      "name": "delete_url",
      "provider": "provider[\"registry.terraform.io/hashicorp/aws\"]",
      "instances": [
        {
          "schema_version": 0,
          "attributes": {
            "action": "lambda:InvokeFunction",
            "event_source_token": null,
            "function_name": "serverless-url-shortener-delete-url",
            "function_url_auth_type": null,
            "id": "AllowAPIGatewayInvoke",
            "principal": "apigateway.amazonaws.com",
            "principal_org_id": null,
            "qualifier": "",
            "source_account": null,
            "source_arn": "arn:aws:execute-api:us-east-1:769607921922:bue01v6k2e/*/*",
            "statement_id": "AllowAPIGatewayInvoke",
            "statement_id_prefix": ""
          },
          "sensitive_attributes": [],
          "identity_schema_version": 0,
          "private": "bnVsbA==",
          "dependencies": [
            "aws_api_gateway_rest_api.url_api",
            "aws_dynamodb_table.url_table",
            "aws_iam_role.lambda_role",
            "aws_lambda_function.delete_url",
            "data.archive_file.delete_url"
          ]
        }
      ]
    },
    {
      "mode": "managed",
      "type": "aws_lambda_permission",
      "name": "get_url",
      "provider": "provider[\"registry.terraform.io/hashicorp/aws\"]",
      "instances": [
        {
          "schema_version": 0,
          "attributes": {
            "action": "lambda:InvokeFunction",
            "event_source_token": null,
            "function_name": "serverless-url-shortener-get-url",
            "function_url_auth_type": null,
            "id": "AllowAPIGatewayInvoke",
            "principal": "apigateway.amazonaws.com",
            "principal_org_id": null,
            "qualifier": "",
            "source_account": null,
            "source_arn": "arn:aws:execute-api:us-east-1:769607921922:bue01v6k2e/*/*",
            "statement_id": "AllowAPIGatewayInvoke",
            "statement_id_prefix": ""
          },
          "sensitive_attributes": [],
          "identity_schema_version": 0,
          "private": "bnVsbA==",
          "dependencies": [
            "aws_api_gateway_rest_api.url_api",
            "aws_dynamodb_table.url_table",
            "aws_iam_role.lambda_role",
            "aws_lambda_function.get_url",
            "data.archive_file.get_url"
          ]
        }
      ]
    },
    {
      "mode": "managed",
      "type": "aws_lambda_permission",
      "name": "list_urls",
      "provider": "provider[\"registry.terraform.io/hashicorp/aws\"]",
      "instances": [
        {
          "schema_version": 0,
          "attributes": {
            "action": "lambda:InvokeFunction",
            "event_source_token": null,
            "function_name": "serverless-url-shortener-list-urls",
            "function_url_auth_type": null,
            "id": "AllowAPIGatewayInvoke",
            "principal": "apigateway.amazonaws.com",
            "principal_org_id": null,
            "qualifier": "",
            "source_account": null,
            "source_arn": "arn:aws:execute-api:us-east-1:769607921922:bue01v6k2e/*/*",
            "statement_id": "AllowAPIGatewayInvoke",
            "statement_id_prefix": ""
          },
          "sensitive_attributes": [],
          "identity_schema_version": 0,
          "private": "bnVsbA==",
          "dependencies": [
            "aws_api_gateway_rest_api.url_api",
            "aws_dynamodb_table.url_table",
            "aws_iam_role.lambda_role",
            "aws_lambda_function.list_urls",
            "data.archive_file.list_urls"
          ]
        }
      ]
    }
  ],
  "check_results": null
}
